// !$*UTF8*$!
{
	archiveVersion = 1;
	classes = {
	};
	objectVersion = 51;
	objects = {

/* Begin PBXBuildFile section */
		102CAD362602305A000F2EF8 /* SignInVC.swift in Sources */ = {isa = PBXBuildFile; fileRef = 102CAD352602305A000F2EF8 /* SignInVC.swift */; };
		102CAD3A2602308A000F2EF8 /* FeedVC.swift in Sources */ = {isa = PBXBuildFile; fileRef = 102CAD392602308A000F2EF8 /* FeedVC.swift */; };
		102CAD41260230E0000F2EF8 /* SnapVC.swift in Sources */ = {isa = PBXBuildFile; fileRef = 102CAD40260230E0000F2EF8 /* SnapVC.swift */; };
		102CAD452602314F000F2EF8 /* UploadVC.swift in Sources */ = {isa = PBXBuildFile; fileRef = 102CAD442602314F000F2EF8 /* UploadVC.swift */; };
		102CAD4D260232BA000F2EF8 /* SettingVC.swift in Sources */ = {isa = PBXBuildFile; fileRef = 102CAD4C260232BA000F2EF8 /* SettingVC.swift */; };
		1080E2772602A428009466C4 /* UserSingleton.swift in Sources */ = {isa = PBXBuildFile; fileRef = 1080E2762602A428009466C4 /* UserSingleton.swift */; };
		1080E27B2602C727009466C4 /* FeedCell.swift in Sources */ = {isa = PBXBuildFile; fileRef = 1080E27A2602C727009466C4 /* FeedCell.swift */; };
		1080E27F2602D451009466C4 /* Snap.swift in Sources */ = {isa = PBXBuildFile; fileRef = 1080E27E2602D451009466C4 /* Snap.swift */; };
		10F7BA5B260220FE004C6AFF /* AppDelegate.swift in Sources */ = {isa = PBXBuildFile; fileRef = 10F7BA5A260220FE004C6AFF /* AppDelegate.swift */; };
		10F7BA5D260220FE004C6AFF /* SceneDelegate.swift in Sources */ = {isa = PBXBuildFile; fileRef = 10F7BA5C260220FE004C6AFF /* SceneDelegate.swift */; };
		10F7BA62260220FE004C6AFF /* Main.storyboard in Resources */ = {isa = PBXBuildFile; fileRef = 10F7BA60260220FE004C6AFF /* Main.storyboard */; };
		10F7BA64260220FF004C6AFF /* Assets.xcassets in Resources */ = {isa = PBXBuildFile; fileRef = 10F7BA63260220FF004C6AFF /* Assets.xcassets */; };
		10F7BA67260220FF004C6AFF /* LaunchScreen.storyboard in Resources */ = {isa = PBXBuildFile; fileRef = 10F7BA65260220FF004C6AFF /* LaunchScreen.storyboard */; };
		10F7BA702602214D004C6AFF /* GoogleService-Info.plist in Resources */ = {isa = PBXBuildFile; fileRef = 10F7BA6F2602214D004C6AFF /* GoogleService-Info.plist */; };
		66B8062621C89C0EF3A8A930 /* Pods_SnapchatClone.framework in Frameworks */ = {isa = PBXBuildFile; fileRef = A056CB3472FEAA099CB859FB /* Pods_SnapchatClone.framework */; };
/* End PBXBuildFile section */

/* Begin PBXFileReference section */
		0ECDD08E046C5EE767E5D2BA /* Pods-SnapchatClone.release.xcconfig */ = {isa = PBXFileReference; includeInIndex = 1; lastKnownFileType = text.xcconfig; name = "Pods-SnapchatClone.release.xcconfig"; path = "Target Support Files/Pods-SnapchatClone/Pods-SnapchatClone.release.xcconfig"; sourceTree = "<group>"; };
		102CAD352602305A000F2EF8 /* SignInVC.swift */ = {isa = PBXFileReference; lastKnownFileType = sourcecode.swift; path = SignInVC.swift; sourceTree = "<group>"; };
		102CAD392602308A000F2EF8 /* FeedVC.swift */ = {isa = PBXFileReference; lastKnownFileType = sourcecode.swift; path = FeedVC.swift; sourceTree = "<group>"; };
		102CAD40260230E0000F2EF8 /* SnapVC.swift */ = {isa = PBXFileReference; lastKnownFileType = sourcecode.swift; path = SnapVC.swift; sourceTree = "<group>"; };
		102CAD442602314F000F2EF8 /* UploadVC.swift */ = {isa = PBXFileReference; lastKnownFileType = sourcecode.swift; path = UploadVC.swift; sourceTree = "<group>"; };
		102CAD4C260232BA000F2EF8 /* SettingVC.swift */ = {isa = PBXFileReference; lastKnownFileType = sourcecode.swift; path = SettingVC.swift; sourceTree = "<group>"; };
		1080E2762602A428009466C4 /* UserSingleton.swift */ = {isa = PBXFileReference; lastKnownFileType = sourcecode.swift; path = UserSingleton.swift; sourceTree = "<group>"; };
		1080E27A2602C727009466C4 /* FeedCell.swift */ = {isa = PBXFileReference; lastKnownFileType = sourcecode.swift; path = FeedCell.swift; sourceTree = "<group>"; };
		1080E27E2602D451009466C4 /* Snap.swift */ = {isa = PBXFileReference; lastKnownFileType = sourcecode.swift; path = Snap.swift; sourceTree = "<group>"; };
		10F7BA57260220FE004C6AFF /* SnapchatClone.app */ = {isa = PBXFileReference; explicitFileType = wrapper.application; includeInIndex = 0; path = SnapchatClone.app; sourceTree = BUILT_PRODUCTS_DIR; };
		10F7BA5A260220FE004C6AFF /* AppDelegate.swift */ = {isa = PBXFileReference; lastKnownFileType = sourcecode.swift; path = AppDelegate.swift; sourceTree = "<group>"; };
		10F7BA5C260220FE004C6AFF /* SceneDelegate.swift */ = {isa = PBXFileReference; lastKnownFileType = sourcecode.swift; path = SceneDelegate.swift; sourceTree = "<group>"; };
		10F7BA61260220FE004C6AFF /* Base */ = {isa = PBXFileReference; lastKnownFileType = file.storyboard; name = Base; path = Base.lproj/Main.storyboard; sourceTree = "<group>"; };
		10F7BA63260220FF004C6AFF /* Assets.xcassets */ = {isa = PBXFileReference; lastKnownFileType = folder.assetcatalog; path = Assets.xcassets; sourceTree = "<group>"; };
		10F7BA66260220FF004C6AFF /* Base */ = {isa = PBXFileReference; lastKnownFileType = file.storyboard; name = Base; path = Base.lproj/LaunchScreen.storyboard; sourceTree = "<group>"; };
		10F7BA68260220FF004C6AFF /* Info.plist */ = {isa = PBXFileReference; lastKnownFileType = text.plist.xml; path = Info.plist; sourceTree = "<group>"; };
		10F7BA6F2602214D004C6AFF /* GoogleService-Info.plist */ = {isa = PBXFileReference; fileEncoding = 4; lastKnownFileType = text.plist.xml; path = "GoogleService-Info.plist"; sourceTree = "<group>"; };
		607F84C20AEE239E5AE8475B /* Pods-SnapchatClone.debug.xcconfig */ = {isa = PBXFileReference; includeInIndex = 1; lastKnownFileType = text.xcconfig; name = "Pods-SnapchatClone.debug.xcconfig"; path = "Target Support Files/Pods-SnapchatClone/Pods-SnapchatClone.debug.xcconfig"; sourceTree = "<group>"; };
		A056CB3472FEAA099CB859FB /* Pods_SnapchatClone.framework */ = {isa = PBXFileReference; explicitFileType = wrapper.framework; includeInIndex = 0; path = Pods_SnapchatClone.framework; sourceTree = BUILT_PRODUCTS_DIR; };
/* End PBXFileReference section */

/* Begin PBXFrameworksBuildPhase section */
		10F7BA54260220FD004C6AFF /* Frameworks */ = {
			isa = PBXFrameworksBuildPhase;
			buildActionMask = 2147483647;
			files = (
				66B8062621C89C0EF3A8A930 /* Pods_SnapchatClone.framework in Frameworks */,
			);
			runOnlyForDeploymentPostprocessing = 0;
		};
/* End PBXFrameworksBuildPhase section */

/* Begin PBXGroup section */
		102CAD3426022FB4000F2EF8 /* ViewController */ = {
			isa = PBXGroup;
			children = (
				102CAD352602305A000F2EF8 /* SignInVC.swift */,
				102CAD392602308A000F2EF8 /* FeedVC.swift */,
				102CAD40260230E0000F2EF8 /* SnapVC.swift */,
				102CAD442602314F000F2EF8 /* UploadVC.swift */,
				102CAD4C260232BA000F2EF8 /* SettingVC.swift */,
			);
			path = ViewController;
			sourceTree = "<group>";
		};
		102CAD4826023163000F2EF8 /* Delegate */ = {
			isa = PBXGroup;
			children = (
				10F7BA5A260220FE004C6AFF /* AppDelegate.swift */,
				10F7BA5C260220FE004C6AFF /* SceneDelegate.swift */,
			);
			path = Delegate;
			sourceTree = "<group>";
		};
		1080E2752602A40C009466C4 /* Models */ = {
			isa = PBXGroup;
			children = (
				1080E27E2602D451009466C4 /* Snap.swift */,
				1080E2762602A428009466C4 /* UserSingleton.swift */,
			);
			path = Models;
			sourceTree = "<group>";
		};
		1080E2792602C707009466C4 /* Cell */ = {
			isa = PBXGroup;
			children = (
				1080E27A2602C727009466C4 /* FeedCell.swift */,
			);
			path = Cell;
			sourceTree = "<group>";
		};
		10F7BA4E260220FD004C6AFF = {
			isa = PBXGroup;
			children = (
				10F7BA59260220FE004C6AFF /* SnapchatClone */,
				10F7BA58260220FE004C6AFF /* Products */,
				4E6BDC980920FB2C0F117DE3 /* Pods */,
				A562266496C1101E59449188 /* Frameworks */,
			);
			sourceTree = "<group>";
		};
		10F7BA58260220FE004C6AFF /* Products */ = {
			isa = PBXGroup;
			children = (
				10F7BA57260220FE004C6AFF /* SnapchatClone.app */,
			);
			name = Products;
			sourceTree = "<group>";
		};
		10F7BA59260220FE004C6AFF /* SnapchatClone */ = {
			isa = PBXGroup;
			children = (
				1080E2792602C707009466C4 /* Cell */,
				1080E2752602A40C009466C4 /* Models */,
				102CAD4826023163000F2EF8 /* Delegate */,
				102CAD3426022FB4000F2EF8 /* ViewController */,
				10F7BA60260220FE004C6AFF /* Main.storyboard */,
				10F7BA63260220FF004C6AFF /* Assets.xcassets */,
				10F7BA65260220FF004C6AFF /* LaunchScreen.storyboard */,
				10F7BA68260220FF004C6AFF /* Info.plist */,
				10F7BA6F2602214D004C6AFF /* GoogleService-Info.plist */,
			);
			path = SnapchatClone;
			sourceTree = "<group>";
		};
		4E6BDC980920FB2C0F117DE3 /* Pods */ = {
			isa = PBXGroup;
			children = (
				607F84C20AEE239E5AE8475B /* Pods-SnapchatClone.debug.xcconfig */,
				0ECDD08E046C5EE767E5D2BA /* Pods-SnapchatClone.release.xcconfig */,
			);
			path = Pods;
			sourceTree = "<group>";
		};
		A562266496C1101E59449188 /* Frameworks */ = {
			isa = PBXGroup;
			children = (
				A056CB3472FEAA099CB859FB /* Pods_SnapchatClone.framework */,
			);
			name = Frameworks;
			sourceTree = "<group>";
		};
/* End PBXGroup section */

/* Begin PBXNativeTarget section */
		10F7BA56260220FD004C6AFF /* SnapchatClone */ = {
			isa = PBXNativeTarget;
			buildConfigurationList = 10F7BA6B260220FF004C6AFF /* Build configuration list for PBXNativeTarget "SnapchatClone" */;
			buildPhases = (
				D9B2A38437979B99CA4487E8 /* [CP] Check Pods Manifest.lock */,
				10F7BA53260220FD004C6AFF /* Sources */,
				10F7BA54260220FD004C6AFF /* Frameworks */,
				10F7BA55260220FD004C6AFF /* Resources */,
				EF5A9117247EBCE2D152AC94 /* [CP] Embed Pods Frameworks */,
			);
			buildRules = (
			);
			dependencies = (
			);
			name = SnapchatClone;
			productName = SnapchatClone;
			productReference = 10F7BA57260220FE004C6AFF /* SnapchatClone.app */;
			productType = "com.apple.product-type.application";
		};
/* End PBXNativeTarget section */

/* Begin PBXProject section */
		10F7BA4F260220FD004C6AFF /* Project object */ = {
			isa = PBXProject;
			attributes = {
				LastSwiftUpdateCheck = 1240;
				LastUpgradeCheck = 1240;
				TargetAttributes = {
					10F7BA56260220FD004C6AFF = {
						CreatedOnToolsVersion = 12.4;
					};
				};
			};
			buildConfigurationList = 10F7BA52260220FD004C6AFF /* Build configuration list for PBXProject "SnapchatClone" */;
			compatibilityVersion = "Xcode 9.3";
			developmentRegion = en;
			hasScannedForEncodings = 0;
			knownRegions = (
				en,
				Base,
			);
			mainGroup = 10F7BA4E260220FD004C6AFF;
			productRefGroup = 10F7BA58260220FE004C6AFF /* Products */;
			projectDirPath = "";
			projectRoot = "";
			targets = (
				10F7BA56260220FD004C6AFF /* SnapchatClone */,
			);
		};
/* End PBXProject section */

/* Begin PBXResourcesBuildPhase section */
		10F7BA55260220FD004C6AFF /* Resources */ = {
			isa = PBXResourcesBuildPhase;
			buildActionMask = 2147483647;
			files = (
				10F7BA67260220FF004C6AFF /* LaunchScreen.storyboard in Resources */,
				10F7BA702602214D004C6AFF /* GoogleService-Info.plist in Resources */,
				10F7BA64260220FF004C6AFF /* Assets.xcassets in Resources */,
				10F7BA62260220FE004C6AFF /* Main.storyboard in Resources */,
			);
			runOnlyForDeploymentPostprocessing = 0;
		};
/* End PBXResourcesBuildPhase section */

/* Begin PBXShellScriptBuildPhase section */
		D9B2A38437979B99CA4487E8 /* [CP] Check Pods Manifest.lock */ = {
			isa = PBXShellScriptBuildPhase;
			buildActionMask = 2147483647;
			files = (
			);
			inputFileListPaths = (
			);
			inputPaths = (
				"${PODS_PODFILE_DIR_PATH}/Podfile.lock",
				"${PODS_ROOT}/Manifest.lock",
			);
			name = "[CP] Check Pods Manifest.lock";
			outputFileListPaths = (
			);
			outputPaths = (
				"$(DERIVED_FILE_DIR)/Pods-SnapchatClone-checkManifestLockResult.txt",
			);
			runOnlyForDeploymentPostprocessing = 0;
			shellPath = /bin/sh;
			shellScript = "diff \"${PODS_PODFILE_DIR_PATH}/Podfile.lock\" \"${PODS_ROOT}/Manifest.lock\" > /dev/null\nif [ $? != 0 ] ; then\n    # print error to STDERR\n    echo \"error: The sandbox is not in sync with the Podfile.lock. Run 'pod install' or update your CocoaPods installation.\" >&2\n    exit 1\nfi\n# This output is used by Xcode 'outputs' to avoid re-running this script phase.\necho \"SUCCESS\" > \"${SCRIPT_OUTPUT_FILE_0}\"\n";
			showEnvVarsInLog = 0;
		};
		EF5A9117247EBCE2D152AC94 /* [CP] Embed Pods Frameworks */ = {
			isa = PBXShellScriptBuildPhase;
			buildActionMask = 2147483647;
			files = (
			);
			inputFileListPaths = (
				"${PODS_ROOT}/Target Support Files/Pods-SnapchatClone/Pods-SnapchatClone-frameworks-${CONFIGURATION}-input-files.xcfilelist",
			);
			name = "[CP] Embed Pods Frameworks";
			outputFileListPaths = (
				"${PODS_ROOT}/Target Support Files/Pods-SnapchatClone/Pods-SnapchatClone-frameworks-${CONFIGURATION}-output-files.xcfilelist",
			);
			runOnlyForDeploymentPostprocessing = 0;
			shellPath = /bin/sh;
			shellScript = "\"${PODS_ROOT}/Target Support Files/Pods-SnapchatClone/Pods-SnapchatClone-frameworks.sh\"\n";
			showEnvVarsInLog = 0;
		};
/* End PBXShellScriptBuildPhase section */

/* Begin PBXSourcesBuildPhase section */
		10F7BA53260220FD004C6AFF /* Sources */ = {
			isa = PBXSourcesBuildPhase;
			buildActionMask = 2147483647;
			files = (
				1080E2772602A428009466C4 /* UserSingleton.swift in Sources */,
				1080E27F2602D451009466C4 /* Snap.swift in Sources */,
				102CAD3A2602308A000F2EF8 /* FeedVC.swift in Sources */,
				102CAD4D260232BA000F2EF8 /* SettingVC.swift in Sources */,
				102CAD41260230E0000F2EF8 /* SnapVC.swift in Sources */,
				10F7BA5B260220FE004C6AFF /* AppDelegate.swift in Sources */,
				10F7BA5D260220FE004C6AFF /* SceneDelegate.swift in Sources */,
				102CAD362602305A000F2EF8 /* SignInVC.swift in Sources */,
				102CAD452602314F000F2EF8 /* UploadVC.swift in Sources */,
				1080E27B2602C727009466C4 /* FeedCell.swift in Sources */,
			);
			runOnlyForDeploymentPostprocessing = 0;
		};
/* End PBXSourcesBuildPhase section */

/* Begin PBXVariantGroup section */
		10F7BA60260220FE004C6AFF /* Main.storyboard */ = {
			isa = PBXVariantGroup;
			children = (
				10F7BA61260220FE004C6AFF /* Base */,
			);
			name = Main.storyboard;
			sourceTree = "<group>";
		};
		10F7BA65260220FF004C6AFF /* LaunchScreen.storyboard */ = {
			isa = PBXVariantGroup;
			children = (
				10F7BA66260220FF004C6AFF /* Base */,
			);
			name = LaunchScreen.storyboard;
			sourceTree = "<group>";
		};
/* End PBXVariantGroup section */

/* Begin XCBuildConfiguration section */
		10F7BA69260220FF004C6AFF /* Debug */ = {
			isa = XCBuildConfiguration;
			buildSettings = {
				ALWAYS_SEARCH_USER_PATHS = NO;
				CLANG_ANALYZER_NONNULL = YES;
				CLANG_ANALYZER_NUMBER_OBJECT_CONVERSION = YES_AGGRESSIVE;
				CLANG_CXX_LANGUAGE_STANDARD = "gnu++14";
				CLANG_CXX_LIBRARY = "libc++";
				CLANG_ENABLE_MODULES = YES;
				CLANG_ENABLE_OBJC_ARC = YES;
				CLANG_ENABLE_OBJC_WEAK = YES;
				CLANG_WARN_BLOCK_CAPTURE_AUTORELEASING = YES;
				CLANG_WARN_BOOL_CONVERSION = YES;
				CLANG_WARN_COMMA = YES;
				CLANG_WARN_CONSTANT_CONVERSION = YES;
				CLANG_WARN_DEPRECATED_OBJC_IMPLEMENTATIONS = YES;
				CLANG_WARN_DIRECT_OBJC_ISA_USAGE = YES_ERROR;
				CLANG_WARN_DOCUMENTATION_COMMENTS = YES;
				CLANG_WARN_EMPTY_BODY = YES;
				CLANG_WARN_ENUM_CONVERSION = YES;
				CLANG_WARN_INFINITE_RECURSION = YES;
				CLANG_WARN_INT_CONVERSION = YES;
				CLANG_WARN_NON_LITERAL_NULL_CONVERSION = YES;
				CLANG_WARN_OBJC_IMPLICIT_RETAIN_SELF = YES;
				CLANG_WARN_OBJC_LITERAL_CONVERSION = YES;
				CLANG_WARN_OBJC_ROOT_CLASS = YES_ERROR;
				CLANG_WARN_QUOTED_INCLUDE_IN_FRAMEWORK_HEADER = YES;
				CLANG_WARN_RANGE_LOOP_ANALYSIS = YES;
				CLANG_WARN_STRICT_PROTOTYPES = YES;
				CLANG_WARN_SUSPICIOUS_MOVE = YES;
				CLANG_WARN_UNGUARDED_AVAILABILITY = YES_AGGRESSIVE;
				CLANG_WARN_UNREACHABLE_CODE = YES;
				CLANG_WARN__DUPLICATE_METHOD_MATCH = YES;
				COPY_PHASE_STRIP = NO;
				DEBUG_INFORMATION_FORMAT = dwarf;
				ENABLE_STRICT_OBJC_MSGSEND = YES;
				ENABLE_TESTABILITY = YES;
				GCC_C_LANGUAGE_STANDARD = gnu11;
				GCC_DYNAMIC_NO_PIC = NO;
				GCC_NO_COMMON_BLOCKS = YES;
				GCC_OPTIMIZATION_LEVEL = 0;
				GCC_PREPROCESSOR_DEFINITIONS = (
					"DEBUG=1",
					"$(inherited)",
				);
				GCC_WARN_64_TO_32_BIT_CONVERSION = YES;
				GCC_WARN_ABOUT_RETURN_TYPE = YES_ERROR;
				GCC_WARN_UNDECLARED_SELECTOR = YES;
				GCC_WARN_UNINITIALIZED_AUTOS = YES_AGGRESSIVE;
				GCC_WARN_UNUSED_FUNCTION = YES;
				GCC_WARN_UNUSED_VARIABLE = YES;
				IPHONEOS_DEPLOYMENT_TARGET = 14.4;
				MTL_ENABLE_DEBUG_INFO = INCLUDE_SOURCE;
				MTL_FAST_MATH = YES;
				ONLY_ACTIVE_ARCH = YES;
				SDKROOT = iphoneos;
				SWIFT_ACTIVE_COMPILATION_CONDITIONS = DEBUG;
				SWIFT_OPTIMIZATION_LEVEL = "-Onone";
			};
			name = Debug;
		};
		10F7BA6A260220FF004C6AFF /* Release */ = {
			isa = XCBuildConfiguration;
			buildSettings = {
				ALWAYS_SEARCH_USER_PATHS = NO;
				CLANG_ANALYZER_NONNULL = YES;
				CLANG_ANALYZER_NUMBER_OBJECT_CONVERSION = YES_AGGRESSIVE;
				CLANG_CXX_LANGUAGE_STANDARD = "gnu++14";
				CLANG_CXX_LIBRARY = "libc++";
				CLANG_ENABLE_MODULES = YES;
				CLANG_ENABLE_OBJC_ARC = YES;
				CLANG_ENABLE_OBJC_WEAK = YES;
				CLANG_WARN_BLOCK_CAPTURE_AUTORELEASING = YES;
				CLANG_WARN_BOOL_CONVERSION = YES;
				CLANG_WARN_COMMA = YES;
				CLANG_WARN_CONSTANT_CONVERSION = YES;
				CLANG_WARN_DEPRECATED_OBJC_IMPLEMENTATIONS = YES;
				CLANG_WARN_DIRECT_OBJC_ISA_USAGE = YES_ERROR;
				CLANG_WARN_DOCUMENTATION_COMMENTS = YES;
				CLANG_WARN_EMPTY_BODY = YES;
				CLANG_WARN_ENUM_CONVERSION = YES;
				CLANG_WARN_INFINITE_RECURSION = YES;
				CLANG_WARN_INT_CONVERSION = YES;
				CLANG_WARN_NON_LITERAL_NULL_CONVERSION = YES;
				CLANG_WARN_OBJC_IMPLICIT_RETAIN_SELF = YES;
				CLANG_WARN_OBJC_LITERAL_CONVERSION = YES;
				CLANG_WARN_OBJC_ROOT_CLASS = YES_ERROR;
				CLANG_WARN_QUOTED_INCLUDE_IN_FRAMEWORK_HEADER = YES;
				CLANG_WARN_RANGE_LOOP_ANALYSIS = YES;
				CLANG_WARN_STRICT_PROTOTYPES = YES;
				CLANG_WARN_SUSPICIOUS_MOVE = YES;
				CLANG_WARN_UNGUARDED_AVAILABILITY = YES_AGGRESSIVE;
				CLANG_WARN_UNREACHABLE_CODE = YES;
				CLANG_WARN__DUPLICATE_METHOD_MATCH = YES;
				COPY_PHASE_STRIP = NO;
				DEBUG_INFORMATION_FORMAT = "dwarf-with-dsym";
				ENABLE_NS_ASSERTIONS = NO;
				ENABLE_STRICT_OBJC_MSGSEND = YES;
				GCC_C_LANGUAGE_STANDARD = gnu11;
				GCC_NO_COMMON_BLOCKS = YES;
				GCC_WARN_64_TO_32_BIT_CONVERSION = YES;
				GCC_WARN_ABOUT_RETURN_TYPE = YES_ERROR;
				GCC_WARN_UNDECLARED_SELECTOR = YES;
				GCC_WARN_UNINITIALIZED_AUTOS = YES_AGGRESSIVE;
				GCC_WARN_UNUSED_FUNCTION = YES;
				GCC_WARN_UNUSED_VARIABLE = YES;
				IPHONEOS_DEPLOYMENT_TARGET = 14.4;
				MTL_ENABLE_DEBUG_INFO = NO;
				MTL_FAST_MATH = YES;
				SDKROOT = iphoneos;
				SWIFT_COMPILATION_MODE = wholemodule;
				SWIFT_OPTIMIZATION_LEVEL = "-O";
				VALIDATE_PRODUCT = YES;
			};
			name = Release;
		};
		10F7BA6C260220FF004C6AFF /* Debug */ = {
			isa = XCBuildConfiguration;
			baseConfigurationReference = 607F84C20AEE239E5AE8475B /* Pods-SnapchatClone.debug.xcconfig */;
			buildSettings = {
				ASSETCATALOG_COMPILER_APPICON_NAME = AppIcon;
				ASSETCATALOG_COMPILER_GLOBAL_ACCENT_COLOR_NAME = AccentColor;
				CODE_SIGN_STYLE = Automatic;
				DEVELOPMENT_TEAM = 963BL373V2;
				INFOPLIST_FILE = SnapchatClone/Info.plist;
				LD_RUNPATH_SEARCH_PATHS = (
					"$(inherited)",
					"@executable_path/Frameworks",
				);
				PRODUCT_BUNDLE_IDENTIFIER = com.dogukanyolcuoglu.SnapchatClone;
				PRODUCT_NAME = "$(TARGET_NAME)";
				SWIFT_VERSION = 5.0;
				TARGETED_DEVICE_FAMILY = "1,2";
			};
			name = Debug;
		};
		10F7BA6D260220FF004C6AFF /* Release */ = {
			isa = XCBuildConfiguration;
			baseConfigurationReference = 0ECDD08E046C5EE767E5D2BA /* Pods-SnapchatClone.release.xcconfig */;
			buildSettings = {
				ASSETCATALOG_COMPILER_APPICON_NAME = AppIcon;
				ASSETCATALOG_COMPILER_GLOBAL_ACCENT_COLOR_NAME = AccentColor;
				CODE_SIGN_STYLE = Automatic;
				DEVELOPMENT_TEAM = 963BL373V2;
				INFOPLIST_FILE = SnapchatClone/Info.plist;
				LD_RUNPATH_SEARCH_PATHS = (
					"$(inherited)",
					"@executable_path/Frameworks",
				);
				PRODUCT_BUNDLE_IDENTIFIER = com.dogukanyolcuoglu.SnapchatClone;
				PRODUCT_NAME = "$(TARGET_NAME)";
				SWIFT_VERSION = 5.0;
				TARGETED_DEVICE_FAMILY = "1,2";
			};
			name = Release;
		};
/* End XCBuildConfiguration section */

/* Begin XCConfigurationList section */
		10F7BA52260220FD004C6AFF /* Build configuration list for PBXProject "SnapchatClone" */ = {
			isa = XCConfigurationList;
			buildConfigurations = (
				10F7BA69260220FF004C6AFF /* Debug */,
				10F7BA6A260220FF004C6AFF /* Release */,
			);
			defaultConfigurationIsVisible = 0;
			defaultConfigurationName = Release;
		};
		10F7BA6B260220FF004C6AFF /* Build configuration list for PBXNativeTarget "SnapchatClone" */ = {
			isa = XCConfigurationList;
			buildConfigurations = (
				10F7BA6C260220FF004C6AFF /* Debug */,
				10F7BA6D260220FF004C6AFF /* Release */,
			);
			defaultConfigurationIsVisible = 0;
			defaultConfigurationName = Release;
		};
/* End XCConfigurationList section */
	};
	rootObject = 10F7BA4F260220FD004C6AFF /* Project object */;
}
